
Microsoft Visual Studio Solution File, Format Version 12.00
# Visual Studio Version 16
VisualStudioVersion = 16.0.31105.61
MinimumVisualStudioVersion = 10.0.40219.1
Project("{FAE04EC0-301F-11D3-BF4B-00C04F79EFBC}") = "WindowsFormsAppBank", "WindowsFormsAppBank\WindowsFormsAppBank.csproj", "{FDE7AC62-647B-40A2-8D7E-4B7F1B04A2EB}"
EndProject
Global
	GlobalSection(SolutionConfigurationPlatforms) = preSolution
		Debug|Any CPU = Debug|Any CPU
		Release|Any CPU = Release|Any CPU
	EndGlobalSection
	GlobalSection(ProjectConfigurationPlatforms) = postSolution
		{FDE7AC62-647B-40A2-8D7E-4B7F1B04A2EB}.Debug|Any CPU.ActiveCfg = Debug|Any CPU
		{FDE7AC62-647B-40A2-8D7E-4B7F1B04A2EB}.Debug|Any CPU.Build.0 = Debug|Any CPU
		{FDE7AC62-647B-40A2-8D7E-4B7F1B04A2EB}.Release|Any CPU.ActiveCfg = Release|Any CPU
		{FDE7AC62-647B-40A2-8D7E-4B7F1B04A2EB}.Release|Any CPU.Build.0 = Release|Any CPU
	EndGlobalSection
	GlobalSection(SolutionProperties) = preSolution
		HideSolutionNode = FALSE
	EndGlobalSection
	GlobalSection(ExtensibilityGlobals) = postSolution
		SolutionGuid = {9B2C980E-D348-40A5-B609-D974CE0C2707}
	EndGlobalSection
EndGlobal
